Microsoft Visual Studio Solution File, Format Version 12.00
# Visual Studio Version 17
VisualStudioVersion = 17.5.33516.290
MinimumVisualStudioVersion = 10.0.40219.1
Project("{F184B08F-C81C-45F6-A57F-5ABD9991F28F}") = "WebApplication2", "WebApplication2\WebApplication2.vbproj", "{3349A6E8-EBBA-484F-926B-D718B1AE6FE6}"
EndProject
Global
	GlobalSection(SolutionConfigurationPlatforms) = preSolution
		Debug|Any CPU = Debug|Any CPU
		Release|Any CPU = Release|Any CPU
	EndGlobalSection
	GlobalSection(ProjectConfigurationPlatforms) = postSolution
		{3349A6E8-EBBA-484F-926B-D718B1AE6FE6}.Debug|Any CPU.ActiveCfg = Debug|Any CPU
		{3349A6E8-EBBA-484F-926B-D718B1AE6FE6}.Debug|Any CPU.Build.0 = Debug|Any CPU
		{3349A6E8-EBBA-484F-926B-D718B1AE6FE6}.Release|Any CPU.ActiveCfg = Release|Any CPU
		{3349A6E8-EBBA-484F-926B-D718B1AE6FE6}.Release|Any CPU.Build.0 = Release|Any CPU
	EndGlobalSection
	GlobalSection(SolutionProperties) = preSolution
		HideSolutionNode = FALSE
	EndGlobalSection
	GlobalSection(ExtensibilityGlobals) = postSolution
		SolutionGuid = {DD374EA9-E846-4EA7-83CF-49ABCB2B0B13}
	EndGlobalSection
EndGlobal
